{
    "version": 3,
    "terraform_version": "0.11.5",
    "serial": 6,
    "lineage": "8b2c1c2d-d855-c496-d621-e78a6dbd7694",
    "modules": [
        {
            "path": [
                "root"
            ],
            "outputs": {
                "instance": {
                    "sensitive": false,
                    "type": "string",
                    "value": "52.16.69.78"
                },
                "rds": {
                    "sensitive": false,
                    "type": "string",
                    "value": "mariadb.calkommnm3dk.eu-west-1.rds.amazonaws.com:3306"
                }
            },
            "resources": {
                "aws_db_instance.mariadb": {
                    "type": "aws_db_instance",
                    "depends_on": [
                        "aws_db_parameter_group.mariadb-parameters",
                        "aws_db_subnet_group.mariadb-subnet",
                        "aws_security_group.allow-mariadb",
                        "aws_subnet.main-private-1"
                    ],
                    "primary": {
                        "id": "mariadb",
                        "attributes": {
                            "address": "mariadb.calkommnm3dk.eu-west-1.rds.amazonaws.com",
                            "allocated_storage": "100",
                            "arn": "arn:aws:rds:eu-west-1:792555165456:db:mariadb",
                            "auto_minor_version_upgrade": "true",
                            "availability_zone": "eu-west-1a",
                            "backup_retention_period": "30",
                            "backup_window": "03:47-04:17",
                            "ca_cert_identifier": "rds-ca-2015",
                            "copy_tags_to_snapshot": "false",
                            "db_subnet_group_name": "mariadb-subnet",
                            "enabled_cloudwatch_logs_exports.#": "0",
                            "endpoint": "mariadb.calkommnm3dk.eu-west-1.rds.amazonaws.com:3306",
                            "engine": "mariadb",
                            "engine_version": "10.1.14",
                            "hosted_zone_id": "Z29XKXDKYMONMX",
                            "iam_database_authentication_enabled": "false",
                            "id": "mariadb",
                            "identifier": "mariadb",
                            "instance_class": "db.t2.small",
                            "iops": "0",
                            "kms_key_id": "",
                            "license_model": "general-public-license",
                            "maintenance_window": "mon:00:42-mon:01:12",
                            "monitoring_interval": "0",
                            "multi_az": "false",
                            "name": "mariadb",
                            "option_group_name": "default:mariadb-10-1",
                            "parameter_group_name": "mariadb-parameters",
                            "password": "mypassword",
                            "port": "3306",
                            "publicly_accessible": "false",
                            "replicas.#": "0",
                            "replicate_source_db": "",
                            "resource_id": "db-7AKSYCLNCSJNGDOTFFGCB5VZZA",
                            "security_group_names.#": "0",
                            "skip_final_snapshot": "true",
                            "status": "available",
                            "storage_encrypted": "false",
                            "storage_type": "gp2",
                            "tags.%": "1",
                            "tags.Name": "mariadb-instance",
                            "timezone": "",
                            "username": "root",
                            "vpc_security_group_ids.#": "1",
                            "vpc_security_group_ids.3481741069": "sg-00f09a3f1651652bf"
                        },
                        "meta": {
                            "e2bfb730-ecaa-11e6-8f88-34363bc7c4c0": {
                                "create": 2400000000000,
                                "delete": 2400000000000,
                                "update": 4800000000000
                            }
                        },
                        "tainted": false
                    },
                    "deposed": [],
                    "provider": "provider.aws"
                },
                "aws_db_parameter_group.mariadb-parameters": {
                    "type": "aws_db_parameter_group",
                    "depends_on": [],
                    "primary": {
                        "id": "mariadb-parameters",
                        "attributes": {
                            "arn": "arn:aws:rds:eu-west-1:792555165456:pg:mariadb-parameters",
                            "description": "MariaDB parameter group",
                            "family": "mariadb10.1",
                            "id": "mariadb-parameters",
                            "name": "mariadb-parameters",
                            "parameter.#": "1",
                            "parameter.245681620.apply_method": "immediate",
                            "parameter.245681620.name": "max_allowed_packet",
                            "parameter.245681620.value": "16777216",
                            "tags.%": "0"
                        },
                        "meta": {},
                        "tainted": false
                    },
                    "deposed": [],
                    "provider": "provider.aws"
                },
                "aws_db_subnet_group.mariadb-subnet": {
                    "type": "aws_db_subnet_group",
                    "depends_on": [
                        "aws_subnet.main-private-1",
                        "aws_subnet.main-private-2"
                    ],
                    "primary": {
                        "id": "mariadb-subnet",
                        "attributes": {
                            "arn": "arn:aws:rds:eu-west-1:792555165456:subgrp:mariadb-subnet",
                            "description": "RDS subnet group",
                            "id": "mariadb-subnet",
                            "name": "mariadb-subnet",
                            "subnet_ids.#": "2",
                            "subnet_ids.1040968294": "subnet-0c70c449cedbe2854",
                            "subnet_ids.2168907406": "subnet-0715e2ada3871898e",
                            "tags.%": "0"
                        },
                        "meta": {},
                        "tainted": false
                    },
                    "deposed": [],
                    "provider": "provider.aws"
                },
                "aws_instance.example": {
                    "type": "aws_instance",
                    "depends_on": [
                        "aws_key_pair.mykeypair",
                        "aws_security_group.example-instance",
                        "aws_subnet.main-public-1"
                    ],
                    "primary": {
                        "id": "i-084f24b57c8f390e0",
                        "attributes": {
                            "ami": "ami-844e0bf7",
                            "arn": "arn:aws:ec2:eu-west-1:792555165456:instance/i-084f24b57c8f390e0",
                            "associate_public_ip_address": "true",
                            "availability_zone": "eu-west-1a",
                            "cpu_core_count": "1",
                            "cpu_threads_per_core": "1",
                            "credit_specification.#": "1",
                            "credit_specification.0.cpu_credits": "standard",
                            "disable_api_termination": "false",
                            "ebs_block_device.#": "0",
                            "ebs_optimized": "false",
                            "ephemeral_block_device.#": "0",
                            "get_password_data": "false",
                            "iam_instance_profile": "",
                            "id": "i-084f24b57c8f390e0",
                            "instance_state": "running",
                            "instance_type": "t2.micro",
                            "ipv6_addresses.#": "0",
                            "key_name": "mykeypair",
                            "monitoring": "false",
                            "network_interface.#": "0",
                            "network_interface_id": "eni-05ece8d5221271e74",
                            "password_data": "",
                            "placement_group": "",
                            "primary_network_interface_id": "eni-05ece8d5221271e74",
                            "private_dns": "ip-10-0-1-177.eu-west-1.compute.internal",
                            "private_ip": "10.0.1.177",
                            "public_dns": "ec2-52-16-69-78.eu-west-1.compute.amazonaws.com",
                            "public_ip": "52.16.69.78",
                            "root_block_device.#": "1",
                            "root_block_device.0.delete_on_termination": "true",
                            "root_block_device.0.iops": "100",
                            "root_block_device.0.volume_id": "vol-0d184e0808becb4da",
                            "root_block_device.0.volume_size": "8",
                            "root_block_device.0.volume_type": "gp2",
                            "security_groups.#": "0",
                            "source_dest_check": "true",
                            "subnet_id": "subnet-0fd9e9b8bad7487bb",
                            "tags.%": "0",
                            "tenancy": "default",
                            "volume_tags.%": "0",
                            "vpc_security_group_ids.#": "1",
                            "vpc_security_group_ids.3600193016": "sg-0c23a6d8530c5ec13"
                        },
                        "meta": {
                            "e2bfb730-ecaa-11e6-8f88-34363bc7c4c0": {
                                "create": 600000000000,
                                "delete": 1200000000000,
                                "update": 600000000000
                            },
                            "schema_version": "1"
                        },
                        "tainted": false
                    },
                    "deposed": [],
                    "provider": "provider.aws"
                },
                "aws_internet_gateway.main-gw": {
                    "type": "aws_internet_gateway",
                    "depends_on": [
                        "aws_vpc.main"
                    ],
                    "primary": {
                        "id": "igw-05ce1614e948630fb",
                        "attributes": {
                            "id": "igw-05ce1614e948630fb",
                            "tags.%": "1",
                            "tags.Name": "main",
                            "vpc_id": "vpc-0b97f2c79b1b6c820"
                        },
                        "meta": {},
                        "tainted": false
                    },
                    "deposed": [],
                    "provider": "provider.aws"
                },
                "aws_key_pair.mykeypair": {
                    "type": "aws_key_pair",
                    "depends_on": [],
                    "primary": {
                        "id": "mykeypair",
                        "attributes": {
                            "id": "mykeypair",
                            "key_name": "mykeypair",
                            "public_key": "ssh-rsa AAAAB3NzaC1yc2EAAAADAQABAAABAQCqVeIh/4phW7+H1no1QtLpdS3+oBDZduHaHADyXBPJs7bDV5wUX5Jcwfg7GRR8dEi/WigVdlkfLdS4L7BUYpSuy31P+GcV6p5fU/RaNte6TGo06L01oLkuDCwn/NbkQvzXTQfaLesUKFLkryj4pyzXVFdYP0NciKdmAexwueacCTEKHXoMdvDmtrs05srJctPUMuJwA+i0PXXhUpzFdZ9seoCdr2pC1SuANPAcmg3b7EfkD9wXJscW7A7si2ij8niIGAQd5J7AXtp5nSFxfKKTMXgefX4Q7D437lBiDmOdx5IKRL4o1Bi3vxCmmlgtlf2uzh+MpGiOFnQ+CZLa6x6B manusv@Manus-MacBook-Air.local"
                        },
                        "meta": {
                            "schema_version": "1"
                        },
                        "tainted": false
                    },
                    "deposed": [],
                    "provider": "provider.aws"
                },
                "aws_route_table.main-public": {
                    "type": "aws_route_table",
                    "depends_on": [
                        "aws_internet_gateway.main-gw",
                        "aws_vpc.main"
                    ],
                    "primary": {
                        "id": "rtb-040d988dff52f005c",
                        "attributes": {
                            "id": "rtb-040d988dff52f005c",
                            "propagating_vgws.#": "0",
                            "route.#": "1",
                            "route.1924492716.cidr_block": "0.0.0.0/0",
                            "route.1924492716.egress_only_gateway_id": "",
                            "route.1924492716.gateway_id": "igw-05ce1614e948630fb",
                            "route.1924492716.instance_id": "",
                            "route.1924492716.ipv6_cidr_block": "",
                            "route.1924492716.nat_gateway_id": "",
                            "route.1924492716.network_interface_id": "",
                            "route.1924492716.vpc_peering_connection_id": "",
                            "tags.%": "1",
                            "tags.Name": "main-public-1",
                            "vpc_id": "vpc-0b97f2c79b1b6c820"
                        },
                        "meta": {},
                        "tainted": false
                    },
                    "deposed": [],
                    "provider": "provider.aws"
                },
                "aws_route_table_association.main-public-1-a": {
                    "type": "aws_route_table_association",
                    "depends_on": [
                        "aws_route_table.main-public",
                        "aws_subnet.main-public-1"
                    ],
                    "primary": {
                        "id": "rtbassoc-07c487acfced2bee4",
                        "attributes": {
                            "id": "rtbassoc-07c487acfced2bee4",
                            "route_table_id": "rtb-040d988dff52f005c",
                            "subnet_id": "subnet-0fd9e9b8bad7487bb"
                        },
                        "meta": {},
                        "tainted": false
                    },
                    "deposed": [],
                    "provider": "provider.aws"
                },
                "aws_route_table_association.main-public-2-a": {
                    "type": "aws_route_table_association",
                    "depends_on": [
                        "aws_route_table.main-public",
                        "aws_subnet.main-public-2"
                    ],
                    "primary": {
                        "id": "rtbassoc-0c879059cc3c02236",
                        "attributes": {
                            "id": "rtbassoc-0c879059cc3c02236",
                            "route_table_id": "rtb-040d988dff52f005c",
                            "subnet_id": "subnet-021ce6dabd45941e7"
                        },
                        "meta": {},
                        "tainted": false
                    },
                    "deposed": [],
                    "provider": "provider.aws"
                },
                "aws_route_table_association.main-public-3-a": {
                    "type": "aws_route_table_association",
                    "depends_on": [
                        "aws_route_table.main-public",
                        "aws_subnet.main-public-3"
                    ],
                    "primary": {
                        "id": "rtbassoc-047a749f9a370928c",
                        "attributes": {
                            "id": "rtbassoc-047a749f9a370928c",
                            "route_table_id": "rtb-040d988dff52f005c",
                            "subnet_id": "subnet-039e4bd950cefd83e"
                        },
                        "meta": {},
                        "tainted": false
                    },
                    "deposed": [],
                    "provider": "provider.aws"
                },
                "aws_security_group.allow-mariadb": {
                    "type": "aws_security_group",
                    "depends_on": [
                        "aws_security_group.example-instance",
                        "aws_vpc.main"
                    ],
                    "primary": {
                        "id": "sg-00f09a3f1651652bf",
                        "attributes": {
                            "arn": "arn:aws:ec2:eu-west-1:792555165456:security-group/sg-00f09a3f1651652bf",
                            "description": "allow-mariadb",
                            "egress.#": "1",
                            "egress.2510676008.cidr_blocks.#": "1",
                            "egress.2510676008.cidr_blocks.0": "0.0.0.0/0",
                            "egress.2510676008.description": "",
                            "egress.2510676008.from_port": "0",
                            "egress.2510676008.ipv6_cidr_blocks.#": "0",
                            "egress.2510676008.prefix_list_ids.#": "0",
                            "egress.2510676008.protocol": "-1",
                            "egress.2510676008.security_groups.#": "0",
                            "egress.2510676008.self": "true",
                            "egress.2510676008.to_port": "0",
                            "id": "sg-00f09a3f1651652bf",
                            "ingress.#": "1",
                            "ingress.2442275708.cidr_blocks.#": "0",
                            "ingress.2442275708.description": "",
                            "ingress.2442275708.from_port": "3306",
                            "ingress.2442275708.ipv6_cidr_blocks.#": "0",
                            "ingress.2442275708.protocol": "tcp",
                            "ingress.2442275708.security_groups.#": "1",
                            "ingress.2442275708.security_groups.3600193016": "sg-0c23a6d8530c5ec13",
                            "ingress.2442275708.self": "false",
                            "ingress.2442275708.to_port": "3306",
                            "name": "allow-mariadb",
                            "owner_id": "792555165456",
                            "revoke_rules_on_delete": "false",
                            "tags.%": "1",
                            "tags.Name": "allow-mariadb",
                            "vpc_id": "vpc-0b97f2c79b1b6c820"
                        },
                        "meta": {
                            "e2bfb730-ecaa-11e6-8f88-34363bc7c4c0": {
                                "create": 600000000000,
                                "delete": 600000000000
                            },
                            "schema_version": "1"
                        },
                        "tainted": false
                    },
                    "deposed": [],
                    "provider": "provider.aws"
                },
                "aws_security_group.example-instance": {
                    "type": "aws_security_group",
                    "depends_on": [
                        "aws_vpc.main"
                    ],
                    "primary": {
                        "id": "sg-0c23a6d8530c5ec13",
                        "attributes": {
                            "arn": "arn:aws:ec2:eu-west-1:792555165456:security-group/sg-0c23a6d8530c5ec13",
                            "description": "security group that allows ssh and all egress traffic",
                            "egress.#": "1",
                            "egress.482069346.cidr_blocks.#": "1",
                            "egress.482069346.cidr_blocks.0": "0.0.0.0/0",
                            "egress.482069346.description": "",
                            "egress.482069346.from_port": "0",
                            "egress.482069346.ipv6_cidr_blocks.#": "0",
                            "egress.482069346.prefix_list_ids.#": "0",
                            "egress.482069346.protocol": "-1",
                            "egress.482069346.security_groups.#": "0",
                            "egress.482069346.self": "false",
                            "egress.482069346.to_port": "0",
                            "id": "sg-0c23a6d8530c5ec13",
                            "ingress.#": "1",
                            "ingress.2541437006.cidr_blocks.#": "1",
                            "ingress.2541437006.cidr_blocks.0": "0.0.0.0/0",
                            "ingress.2541437006.description": "",
                            "ingress.2541437006.from_port": "22",
                            "ingress.2541437006.ipv6_cidr_blocks.#": "0",
                            "ingress.2541437006.protocol": "tcp",
                            "ingress.2541437006.security_groups.#": "0",
                            "ingress.2541437006.self": "false",
                            "ingress.2541437006.to_port": "22",
                            "name": "allow-ssh",
                            "owner_id": "792555165456",
                            "revoke_rules_on_delete": "false",
                            "tags.%": "1",
                            "tags.Name": "example-instance",
                            "vpc_id": "vpc-0b97f2c79b1b6c820"
                        },
                        "meta": {
                            "e2bfb730-ecaa-11e6-8f88-34363bc7c4c0": {
                                "create": 600000000000,
                                "delete": 600000000000
                            },
                            "schema_version": "1"
                        },
                        "tainted": false
                    },
                    "deposed": [],
                    "provider": "provider.aws"
                },
                "aws_subnet.main-private-1": {
                    "type": "aws_subnet",
                    "depends_on": [
                        "aws_vpc.main"
                    ],
                    "primary": {
                        "id": "subnet-0c70c449cedbe2854",
                        "attributes": {
                            "assign_ipv6_address_on_creation": "false",
                            "availability_zone": "eu-west-1a",
                            "cidr_block": "10.0.4.0/24",
                            "id": "subnet-0c70c449cedbe2854",
                            "map_public_ip_on_launch": "false",
                            "tags.%": "1",
                            "tags.Name": "main-private-1",
                            "vpc_id": "vpc-0b97f2c79b1b6c820"
                        },
                        "meta": {
                            "schema_version": "1"
                        },
                        "tainted": false
                    },
                    "deposed": [],
                    "provider": "provider.aws"
                },
                "aws_subnet.main-private-2": {
                    "type": "aws_subnet",
                    "depends_on": [
                        "aws_vpc.main"
                    ],
                    "primary": {
                        "id": "subnet-0715e2ada3871898e",
                        "attributes": {
                            "assign_ipv6_address_on_creation": "false",
                            "availability_zone": "eu-west-1b",
                            "cidr_block": "10.0.5.0/24",
                            "id": "subnet-0715e2ada3871898e",
                            "map_public_ip_on_launch": "false",
                            "tags.%": "1",
                            "tags.Name": "main-private-2",
                            "vpc_id": "vpc-0b97f2c79b1b6c820"
                        },
                        "meta": {
                            "schema_version": "1"
                        },
                        "tainted": false
                    },
                    "deposed": [],
                    "provider": "provider.aws"
                },
                "aws_subnet.main-private-3": {
                    "type": "aws_subnet",
                    "depends_on": [
                        "aws_vpc.main"
                    ],
                    "primary": {
                        "id": "subnet-0553b3bb19632f9f8",
                        "attributes": {
                            "assign_ipv6_address_on_creation": "false",
                            "availability_zone": "eu-west-1c",
                            "cidr_block": "10.0.6.0/24",
                            "id": "subnet-0553b3bb19632f9f8",
                            "map_public_ip_on_launch": "false",
                            "tags.%": "1",
                            "tags.Name": "main-private-3",
                            "vpc_id": "vpc-0b97f2c79b1b6c820"
                        },
                        "meta": {
                            "schema_version": "1"
                        },
                        "tainted": false
                    },
                    "deposed": [],
                    "provider": "provider.aws"
                },
                "aws_subnet.main-public-1": {
                    "type": "aws_subnet",
                    "depends_on": [
                        "aws_vpc.main"
                    ],
                    "primary": {
                        "id": "subnet-0fd9e9b8bad7487bb",
                        "attributes": {
                            "assign_ipv6_address_on_creation": "false",
                            "availability_zone": "eu-west-1a",
                            "cidr_block": "10.0.1.0/24",
                            "id": "subnet-0fd9e9b8bad7487bb",
                            "map_public_ip_on_launch": "true",
                            "tags.%": "1",
                            "tags.Name": "main-public-1",
                            "vpc_id": "vpc-0b97f2c79b1b6c820"
                        },
                        "meta": {
                            "schema_version": "1"
                        },
                        "tainted": false
                    },
                    "deposed": [],
                    "provider": "provider.aws"
                },
                "aws_subnet.main-public-2": {
                    "type": "aws_subnet",
                    "depends_on": [
                        "aws_vpc.main"
                    ],
                    "primary": {
                        "id": "subnet-021ce6dabd45941e7",
                        "attributes": {
                            "assign_ipv6_address_on_creation": "false",
                            "availability_zone": "eu-west-1b",
                            "cidr_block": "10.0.2.0/24",
                            "id": "subnet-021ce6dabd45941e7",
                            "map_public_ip_on_launch": "true",
                            "tags.%": "1",
                            "tags.Name": "main-public-2",
                            "vpc_id": "vpc-0b97f2c79b1b6c820"
                        },
                        "meta": {
                            "schema_version": "1"
                        },
                        "tainted": false
                    },
                    "deposed": [],
                    "provider": "provider.aws"
                },
                "aws_subnet.main-public-3": {
                    "type": "aws_subnet",
                    "depends_on": [
                        "aws_vpc.main"
                    ],
                    "primary": {
                        "id": "subnet-039e4bd950cefd83e",
                        "attributes": {
                            "assign_ipv6_address_on_creation": "false",
                            "availability_zone": "eu-west-1c",
                            "cidr_block": "10.0.3.0/24",
                            "id": "subnet-039e4bd950cefd83e",
                            "map_public_ip_on_launch": "true",
                            "tags.%": "1",
                            "tags.Name": "main-public-3",
                            "vpc_id": "vpc-0b97f2c79b1b6c820"
                        },
                        "meta": {
                            "schema_version": "1"
                        },
                        "tainted": false
                    },
                    "deposed": [],
                    "provider": "provider.aws"
                },
                "aws_vpc.main": {
                    "type": "aws_vpc",
                    "depends_on": [],
                    "primary": {
                        "id": "vpc-0b97f2c79b1b6c820",
                        "attributes": {
                            "arn": "arn:aws:ec2:eu-west-1:792555165456:vpc/vpc-0b97f2c79b1b6c820",
                            "assign_generated_ipv6_cidr_block": "false",
                            "cidr_block": "10.0.0.0/16",
                            "default_network_acl_id": "acl-0ed4857c1f98115dd",
                            "default_route_table_id": "rtb-032698bc25f330d09",
                            "default_security_group_id": "sg-09e571a00ddcfc453",
                            "dhcp_options_id": "dopt-a49097c0",
                            "enable_classiclink": "false",
                            "enable_classiclink_dns_support": "false",
                            "enable_dns_hostnames": "true",
                            "enable_dns_support": "true",
                            "id": "vpc-0b97f2c79b1b6c820",
                            "instance_tenancy": "default",
                            "main_route_table_id": "rtb-032698bc25f330d09",
                            "tags.%": "1",
                            "tags.Name": "main"
                        },
                        "meta": {
                            "schema_version": "1"
                        },
                        "tainted": false
                    },
                    "deposed": [],
                    "provider": "provider.aws"
                }
            },
            "depends_on": []
        }
    ]
}
